// !$*UTF8*$!
{
	archiveVersion = 1;
	classes = {
	};
	objectVersion = 50;
	objects = {

/* Begin PBXBuildFile section */
		B1CEA26F21829A7A00E7F8BB /* AppDelegate.swift in Sources */ = {isa = PBXBuildFile; fileRef = B1CEA26E21829A7A00E7F8BB /* AppDelegate.swift */; };
		B1CEA27121829A7A00E7F8BB /* ViewController.swift in Sources */ = {isa = PBXBuildFile; fileRef = B1CEA27021829A7A00E7F8BB /* ViewController.swift */; };
		B1CEA27421829A7A00E7F8BB /* Main.storyboard in Resources */ = {isa = PBXBuildFile; fileRef = B1CEA27221829A7A00E7F8BB /* Main.storyboard */; };
		B1CEA27621829A7E00E7F8BB /* Assets.xcassets in Resources */ = {isa = PBXBuildFile; fileRef = B1CEA27521829A7E00E7F8BB /* Assets.xcassets */; };
		B1CEA27921829A7E00E7F8BB /* LaunchScreen.storyboard in Resources */ = {isa = PBXBuildFile; fileRef = B1CEA27721829A7E00E7F8BB /* LaunchScreen.storyboard */; };
		B1CEA28421829A7E00E7F8BB /* todoList2Tests.swift in Sources */ = {isa = PBXBuildFile; fileRef = B1CEA28321829A7E00E7F8BB /* todoList2Tests.swift */; };
		B1CEA28F21829A7E00E7F8BB /* todoList2UITests.swift in Sources */ = {isa = PBXBuildFile; fileRef = B1CEA28E21829A7E00E7F8BB /* todoList2UITests.swift */; };
		B1CEA29D21829ACC00E7F8BB /* Item.swift in Sources */ = {isa = PBXBuildFile; fileRef = B1CEA29C21829ACC00E7F8BB /* Item.swift */; };
		B1CEA29F21829B3400E7F8BB /* TableViewController.swift in Sources */ = {isa = PBXBuildFile; fileRef = B1CEA29E21829B3400E7F8BB /* TableViewController.swift */; };
		B1CEA2A12182B25700E7F8BB /* displayItemViewController.swift in Sources */ = {isa = PBXBuildFile; fileRef = B1CEA2A02182B25700E7F8BB /* displayItemViewController.swift */; };
/* End PBXBuildFile section */

/* Begin PBXContainerItemProxy section */
		B1CEA28021829A7E00E7F8BB /* PBXContainerItemProxy */ = {
			isa = PBXContainerItemProxy;
			containerPortal = B1CEA26321829A7A00E7F8BB /* Project object */;
			proxyType = 1;
			remoteGlobalIDString = B1CEA26A21829A7A00E7F8BB;
			remoteInfo = todoList2;
		};
		B1CEA28B21829A7E00E7F8BB /* PBXContainerItemProxy */ = {
			isa = PBXContainerItemProxy;
			containerPortal = B1CEA26321829A7A00E7F8BB /* Project object */;
			proxyType = 1;
			remoteGlobalIDString = B1CEA26A21829A7A00E7F8BB;
			remoteInfo = todoList2;
		};
/* End PBXContainerItemProxy section */

/* Begin PBXFileReference section */
		B1CEA26B21829A7A00E7F8BB /* todoList2.app */ = {isa = PBXFileReference; explicitFileType = wrapper.application; includeInIndex = 0; path = todoList2.app; sourceTree = BUILT_PRODUCTS_DIR; };
		B1CEA26E21829A7A00E7F8BB /* AppDelegate.swift */ = {isa = PBXFileReference; lastKnownFileType = sourcecode.swift; path = AppDelegate.swift; sourceTree = "<group>"; };
		B1CEA27021829A7A00E7F8BB /* ViewController.swift */ = {isa = PBXFileReference; lastKnownFileType = sourcecode.swift; path = ViewController.swift; sourceTree = "<group>"; };
		B1CEA27321829A7A00E7F8BB /* Base */ = {isa = PBXFileReference; lastKnownFileType = file.storyboard; name = Base; path = Base.lproj/Main.storyboard; sourceTree = "<group>"; };
		B1CEA27521829A7E00E7F8BB /* Assets.xcassets */ = {isa = PBXFileReference; lastKnownFileType = folder.assetcatalog; path = Assets.xcassets; sourceTree = "<group>"; };
		B1CEA27821829A7E00E7F8BB /* Base */ = {isa = PBXFileReference; lastKnownFileType = file.storyboard; name = Base; path = Base.lproj/LaunchScreen.storyboard; sourceTree = "<group>"; };
		B1CEA27A21829A7E00E7F8BB /* Info.plist */ = {isa = PBXFileReference; lastKnownFileType = text.plist.xml; path = Info.plist; sourceTree = "<group>"; };
		B1CEA27F21829A7E00E7F8BB /* todoList2Tests.xctest */ = {isa = PBXFileReference; explicitFileType = wrapper.cfbundle; includeInIndex = 0; path = todoList2Tests.xctest; sourceTree = BUILT_PRODUCTS_DIR; };
		B1CEA28321829A7E00E7F8BB /* todoList2Tests.swift */ = {isa = PBXFileReference; lastKnownFileType = sourcecode.swift; path = todoList2Tests.swift; sourceTree = "<group>"; };
		B1CEA28521829A7E00E7F8BB /* Info.plist */ = {isa = PBXFileReference; lastKnownFileType = text.plist.xml; path = Info.plist; sourceTree = "<group>"; };
		B1CEA28A21829A7E00E7F8BB /* todoList2UITests.xctest */ = {isa = PBXFileReference; explicitFileType = wrapper.cfbundle; includeInIndex = 0; path = todoList2UITests.xctest; sourceTree = BUILT_PRODUCTS_DIR; };
		B1CEA28E21829A7E00E7F8BB /* todoList2UITests.swift */ = {isa = PBXFileReference; lastKnownFileType = sourcecode.swift; path = todoList2UITests.swift; sourceTree = "<group>"; };
		B1CEA29021829A7E00E7F8BB /* Info.plist */ = {isa = PBXFileReference; lastKnownFileType = text.plist.xml; path = Info.plist; sourceTree = "<group>"; };
		B1CEA29C21829ACC00E7F8BB /* Item.swift */ = {isa = PBXFileReference; lastKnownFileType = sourcecode.swift; path = Item.swift; sourceTree = "<group>"; };
		B1CEA29E21829B3400E7F8BB /* TableViewController.swift */ = {isa = PBXFileReference; lastKnownFileType = sourcecode.swift; path = TableViewController.swift; sourceTree = "<group>"; };
		B1CEA2A02182B25700E7F8BB /* displayItemViewController.swift */ = {isa = PBXFileReference; lastKnownFileType = sourcecode.swift; path = displayItemViewController.swift; sourceTree = "<group>"; };
/* End PBXFileReference section */

/* Begin PBXFrameworksBuildPhase section */
		B1CEA26821829A7A00E7F8BB /* Frameworks */ = {
			isa = PBXFrameworksBuildPhase;
			buildActionMask = 2147483647;
			files = (
			);
			runOnlyForDeploymentPostprocessing = 0;
		};
		B1CEA27C21829A7E00E7F8BB /* Frameworks */ = {
			isa = PBXFrameworksBuildPhase;
			buildActionMask = 2147483647;
			files = (
			);
			runOnlyForDeploymentPostprocessing = 0;
		};
		B1CEA28721829A7E00E7F8BB /* Frameworks */ = {
			isa = PBXFrameworksBuildPhase;
			buildActionMask = 2147483647;
			files = (
			);
			runOnlyForDeploymentPostprocessing = 0;
		};
/* End PBXFrameworksBuildPhase section */

/* Begin PBXGroup section */
		B1CEA26221829A7A00E7F8BB = {
			isa = PBXGroup;
			children = (
				B1CEA26D21829A7A00E7F8BB /* todoList2 */,
				B1CEA28221829A7E00E7F8BB /* todoList2Tests */,
				B1CEA28D21829A7E00E7F8BB /* todoList2UITests */,
				B1CEA26C21829A7A00E7F8BB /* Products */,
			);
			sourceTree = "<group>";
		};
		B1CEA26C21829A7A00E7F8BB /* Products */ = {
			isa = PBXGroup;
			children = (
				B1CEA26B21829A7A00E7F8BB /* todoList2.app */,
				B1CEA27F21829A7E00E7F8BB /* todoList2Tests.xctest */,
				B1CEA28A21829A7E00E7F8BB /* todoList2UITests.xctest */,
			);
			name = Products;
			sourceTree = "<group>";
		};
		B1CEA26D21829A7A00E7F8BB /* todoList2 */ = {
			isa = PBXGroup;
			children = (
				B1CEA26E21829A7A00E7F8BB /* AppDelegate.swift */,
				B1CEA27021829A7A00E7F8BB /* ViewController.swift */,
				B1CEA2A02182B25700E7F8BB /* displayItemViewController.swift */,
				B1CEA29E21829B3400E7F8BB /* TableViewController.swift */,
				B1CEA29C21829ACC00E7F8BB /* Item.swift */,
				B1CEA27221829A7A00E7F8BB /* Main.storyboard */,
				B1CEA27521829A7E00E7F8BB /* Assets.xcassets */,
				B1CEA27721829A7E00E7F8BB /* LaunchScreen.storyboard */,
				B1CEA27A21829A7E00E7F8BB /* Info.plist */,
			);
			path = todoList2;
			sourceTree = "<group>";
		};
		B1CEA28221829A7E00E7F8BB /* todoList2Tests */ = {
			isa = PBXGroup;
			children = (
				B1CEA28321829A7E00E7F8BB /* todoList2Tests.swift */,
				B1CEA28521829A7E00E7F8BB /* Info.plist */,
			);
			path = todoList2Tests;
			sourceTree = "<group>";
		};
		B1CEA28D21829A7E00E7F8BB /* todoList2UITests */ = {
			isa = PBXGroup;
			children = (
				B1CEA28E21829A7E00E7F8BB /* todoList2UITests.swift */,
				B1CEA29021829A7E00E7F8BB /* Info.plist */,
			);
			path = todoList2UITests;
			sourceTree = "<group>";
		};
/* End PBXGroup section */

/* Begin PBXNativeTarget section */
		B1CEA26A21829A7A00E7F8BB /* todoList2 */ = {
			isa = PBXNativeTarget;
			buildConfigurationList = B1CEA29321829A7E00E7F8BB /* Build configuration list for PBXNativeTarget "todoList2" */;
			buildPhases = (
				B1CEA26721829A7A00E7F8BB /* Sources */,
				B1CEA26821829A7A00E7F8BB /* Frameworks */,
				B1CEA26921829A7A00E7F8BB /* Resources */,
			);
			buildRules = (
			);
			dependencies = (
			);
			name = todoList2;
			productName = todoList2;
			productReference = B1CEA26B21829A7A00E7F8BB /* todoList2.app */;
			productType = "com.apple.product-type.application";
		};
		B1CEA27E21829A7E00E7F8BB /* todoList2Tests */ = {
			isa = PBXNativeTarget;
			buildConfigurationList = B1CEA29621829A7E00E7F8BB /* Build configuration list for PBXNativeTarget "todoList2Tests" */;
			buildPhases = (
				B1CEA27B21829A7E00E7F8BB /* Sources */,
				B1CEA27C21829A7E00E7F8BB /* Frameworks */,
				B1CEA27D21829A7E00E7F8BB /* Resources */,
			);
			buildRules = (
			);
			dependencies = (
				B1CEA28121829A7E00E7F8BB /* PBXTargetDependency */,
			);
			name = todoList2Tests;
			productName = todoList2Tests;
			productReference = B1CEA27F21829A7E00E7F8BB /* todoList2Tests.xctest */;
			productType = "com.apple.product-type.bundle.unit-test";
		};
		B1CEA28921829A7E00E7F8BB /* todoList2UITests */ = {
			isa = PBXNativeTarget;
			buildConfigurationList = B1CEA29921829A7E00E7F8BB /* Build configuration list for PBXNativeTarget "todoList2UITests" */;
			buildPhases = (
				B1CEA28621829A7E00E7F8BB /* Sources */,
				B1CEA28721829A7E00E7F8BB /* Frameworks */,
				B1CEA28821829A7E00E7F8BB /* Resources */,
			);
			buildRules = (
			);
			dependencies = (
				B1CEA28C21829A7E00E7F8BB /* PBXTargetDependency */,
			);
			name = todoList2UITests;
			productName = todoList2UITests;
			productReference = B1CEA28A21829A7E00E7F8BB /* todoList2UITests.xctest */;
			productType = "com.apple.product-type.bundle.ui-testing";
		};
/* End PBXNativeTarget section */

/* Begin PBXProject section */
		B1CEA26321829A7A00E7F8BB /* Project object */ = {
			isa = PBXProject;
			attributes = {
				LastSwiftUpdateCheck = 0940;
				LastUpgradeCheck = 0940;
				ORGANIZATIONNAME = JLR;
				TargetAttributes = {
					B1CEA26A21829A7A00E7F8BB = {
						CreatedOnToolsVersion = 9.4.1;
					};
					B1CEA27E21829A7E00E7F8BB = {
						CreatedOnToolsVersion = 9.4.1;
						TestTargetID = B1CEA26A21829A7A00E7F8BB;
					};
					B1CEA28921829A7E00E7F8BB = {
						CreatedOnToolsVersion = 9.4.1;
						TestTargetID = B1CEA26A21829A7A00E7F8BB;
					};
				};
			};
			buildConfigurationList = B1CEA26621829A7A00E7F8BB /* Build configuration list for PBXProject "todoList2" */;
			compatibilityVersion = "Xcode 9.3";
			developmentRegion = en;
			hasScannedForEncodings = 0;
			knownRegions = (
				en,
				Base,
			);
			mainGroup = B1CEA26221829A7A00E7F8BB;
			productRefGroup = B1CEA26C21829A7A00E7F8BB /* Products */;
			projectDirPath = "";
			projectRoot = "";
			targets = (
				B1CEA26A21829A7A00E7F8BB /* todoList2 */,
				B1CEA27E21829A7E00E7F8BB /* todoList2Tests */,
				B1CEA28921829A7E00E7F8BB /* todoList2UITests */,
			);
		};
/* End PBXProject section */

/* Begin PBXResourcesBuildPhase section */
		B1CEA26921829A7A00E7F8BB /* Resources */ = {
			isa = PBXResourcesBuildPhase;
			buildActionMask = 2147483647;
			files = (
				B1CEA27921829A7E00E7F8BB /* LaunchScreen.storyboard in Resources */,
				B1CEA27621829A7E00E7F8BB /* Assets.xcassets in Resources */,
				B1CEA27421829A7A00E7F8BB /* Main.storyboard in Resources */,
			);
			runOnlyForDeploymentPostprocessing = 0;
		};
		B1CEA27D21829A7E00E7F8BB /* Resources */ = {
			isa = PBXResourcesBuildPhase;
			buildActionMask = 2147483647;
			files = (
			);
			runOnlyForDeploymentPostprocessing = 0;
		};
		B1CEA28821829A7E00E7F8BB /* Resources */ = {
			isa = PBXResourcesBuildPhase;
			buildActionMask = 2147483647;
			files = (
			);
			runOnlyForDeploymentPostprocessing = 0;
		};
/* End PBXResourcesBuildPhase section */

/* Begin PBXSourcesBuildPhase section */
		B1CEA26721829A7A00E7F8BB /* Sources */ = {
			isa = PBXSourcesBuildPhase;
			buildActionMask = 2147483647;
			files = (
				B1CEA27121829A7A00E7F8BB /* ViewController.swift in Sources */,
				B1CEA29D21829ACC00E7F8BB /* Item.swift in Sources */,
				B1CEA2A12182B25700E7F8BB /* displayItemViewController.swift in Sources */,
				B1CEA26F21829A7A00E7F8BB /* AppDelegate.swift in Sources */,
				B1CEA29F21829B3400E7F8BB /* TableViewController.swift in Sources */,
			);
			runOnlyForDeploymentPostprocessing = 0;
		};
		B1CEA27B21829A7E00E7F8BB /* Sources */ = {
			isa = PBXSourcesBuildPhase;
			buildActionMask = 2147483647;
			files = (
				B1CEA28421829A7E00E7F8BB /* todoList2Tests.swift in Sources */,
			);
			runOnlyForDeploymentPostprocessing = 0;
		};
		B1CEA28621829A7E00E7F8BB /* Sources */ = {
			isa = PBXSourcesBuildPhase;
			buildActionMask = 2147483647;
			files = (
				B1CEA28F21829A7E00E7F8BB /* todoList2UITests.swift in Sources */,
			);
			runOnlyForDeploymentPostprocessing = 0;
		};
/* End PBXSourcesBuildPhase section */

/* Begin PBXTargetDependency section */
		B1CEA28121829A7E00E7F8BB /* PBXTargetDependency */ = {
			isa = PBXTargetDependency;
			target = B1CEA26A21829A7A00E7F8BB /* todoList2 */;
			targetProxy = B1CEA28021829A7E00E7F8BB /* PBXContainerItemProxy */;
		};
		B1CEA28C21829A7E00E7F8BB /* PBXTargetDependency */ = {
			isa = PBXTargetDependency;
			target = B1CEA26A21829A7A00E7F8BB /* todoList2 */;
			targetProxy = B1CEA28B21829A7E00E7F8BB /* PBXContainerItemProxy */;
		};
/* End PBXTargetDependency section */

/* Begin PBXVariantGroup section */
		B1CEA27221829A7A00E7F8BB /* Main.storyboard */ = {
			isa = PBXVariantGroup;
			children = (
				B1CEA27321829A7A00E7F8BB /* Base */,
			);
			name = Main.storyboard;
			sourceTree = "<group>";
		};
		B1CEA27721829A7E00E7F8BB /* LaunchScreen.storyboard */ = {
			isa = PBXVariantGroup;
			children = (
				B1CEA27821829A7E00E7F8BB /* Base */,
			);
			name = LaunchScreen.storyboard;
			sourceTree = "<group>";
		};
/* End PBXVariantGroup section */

/* Begin XCBuildConfiguration section */
		B1CEA29121829A7E00E7F8BB /* Debug */ = {
			isa = XCBuildConfiguration;
			buildSettings = {
				ALWAYS_SEARCH_USER_PATHS = NO;
				CLANG_ANALYZER_NONNULL = YES;
				CLANG_ANALYZER_NUMBER_OBJECT_CONVERSION = YES_AGGRESSIVE;
				CLANG_CXX_LANGUAGE_STANDARD = "gnu++14";
				CLANG_CXX_LIBRARY = "libc++";
				CLANG_ENABLE_MODULES = YES;
				CLANG_ENABLE_OBJC_ARC = YES;
				CLANG_ENABLE_OBJC_WEAK = YES;
				CLANG_WARN_BLOCK_CAPTURE_AUTORELEASING = YES;
				CLANG_WARN_BOOL_CONVERSION = YES;
				CLANG_WARN_COMMA = YES;
				CLANG_WARN_CONSTANT_CONVERSION = YES;
				CLANG_WARN_DEPRECATED_OBJC_IMPLEMENTATIONS = YES;
				CLANG_WARN_DIRECT_OBJC_ISA_USAGE = YES_ERROR;
				CLANG_WARN_DOCUMENTATION_COMMENTS = YES;
				CLANG_WARN_EMPTY_BODY = YES;
				CLANG_WARN_ENUM_CONVERSION = YES;
				CLANG_WARN_INFINITE_RECURSION = YES;
				CLANG_WARN_INT_CONVERSION = YES;
				CLANG_WARN_NON_LITERAL_NULL_CONVERSION = YES;
				CLANG_WARN_OBJC_IMPLICIT_RETAIN_SELF = YES;
				CLANG_WARN_OBJC_LITERAL_CONVERSION = YES;
				CLANG_WARN_OBJC_ROOT_CLASS = YES_ERROR;
				CLANG_WARN_RANGE_LOOP_ANALYSIS = YES;
				CLANG_WARN_STRICT_PROTOTYPES = YES;
				CLANG_WARN_SUSPICIOUS_MOVE = YES;
				CLANG_WARN_UNGUARDED_AVAILABILITY = YES_AGGRESSIVE;
				CLANG_WARN_UNREACHABLE_CODE = YES;
				CLANG_WARN__DUPLICATE_METHOD_MATCH = YES;
				CODE_SIGN_IDENTITY = "iPhone Developer";
				COPY_PHASE_STRIP = NO;
				DEBUG_INFORMATION_FORMAT = dwarf;
				ENABLE_STRICT_OBJC_MSGSEND = YES;
				ENABLE_TESTABILITY = YES;
				GCC_C_LANGUAGE_STANDARD = gnu11;
				GCC_DYNAMIC_NO_PIC = NO;
				GCC_NO_COMMON_BLOCKS = YES;
				GCC_OPTIMIZATION_LEVEL = 0;
				GCC_PREPROCESSOR_DEFINITIONS = (
					"DEBUG=1",
					"$(inherited)",
				);
				GCC_WARN_64_TO_32_BIT_CONVERSION = YES;
				GCC_WARN_ABOUT_RETURN_TYPE = YES_ERROR;
				GCC_WARN_UNDECLARED_SELECTOR = YES;
				GCC_WARN_UNINITIALIZED_AUTOS = YES_AGGRESSIVE;
				GCC_WARN_UNUSED_FUNCTION = YES;
				GCC_WARN_UNUSED_VARIABLE = YES;
				IPHONEOS_DEPLOYMENT_TARGET = 11.4;
				MTL_ENABLE_DEBUG_INFO = YES;
				ONLY_ACTIVE_ARCH = YES;
				SDKROOT = iphoneos;
				SWIFT_ACTIVE_COMPILATION_CONDITIONS = DEBUG;
				SWIFT_OPTIMIZATION_LEVEL = "-Onone";
			};
			name = Debug;
		};
		B1CEA29221829A7E00E7F8BB /* Release */ = {
			isa = XCBuildConfiguration;
			buildSettings = {
				ALWAYS_SEARCH_USER_PATHS = NO;
				CLANG_ANALYZER_NONNULL = YES;
				CLANG_ANALYZER_NUMBER_OBJECT_CONVERSION = YES_AGGRESSIVE;
				CLANG_CXX_LANGUAGE_STANDARD = "gnu++14";
				CLANG_CXX_LIBRARY = "libc++";
				CLANG_ENABLE_MODULES = YES;
				CLANG_ENABLE_OBJC_ARC = YES;
				CLANG_ENABLE_OBJC_WEAK = YES;
				CLANG_WARN_BLOCK_CAPTURE_AUTORELEASING = YES;
				CLANG_WARN_BOOL_CONVERSION = YES;
				CLANG_WARN_COMMA = YES;
				CLANG_WARN_CONSTANT_CONVERSION = YES;
				CLANG_WARN_DEPRECATED_OBJC_IMPLEMENTATIONS = YES;
				CLANG_WARN_DIRECT_OBJC_ISA_USAGE = YES_ERROR;
				CLANG_WARN_DOCUMENTATION_COMMENTS = YES;
				CLANG_WARN_EMPTY_BODY = YES;
				CLANG_WARN_ENUM_CONVERSION = YES;
				CLANG_WARN_INFINITE_RECURSION = YES;
				CLANG_WARN_INT_CONVERSION = YES;
				CLANG_WARN_NON_LITERAL_NULL_CONVERSION = YES;
				CLANG_WARN_OBJC_IMPLICIT_RETAIN_SELF = YES;
				CLANG_WARN_OBJC_LITERAL_CONVERSION = YES;
				CLANG_WARN_OBJC_ROOT_CLASS = YES_ERROR;
				CLANG_WARN_RANGE_LOOP_ANALYSIS = YES;
				CLANG_WARN_STRICT_PROTOTYPES = YES;
				CLANG_WARN_SUSPICIOUS_MOVE = YES;
				CLANG_WARN_UNGUARDED_AVAILABILITY = YES_AGGRESSIVE;
				CLANG_WARN_UNREACHABLE_CODE = YES;
				CLANG_WARN__DUPLICATE_METHOD_MATCH = YES;
				CODE_SIGN_IDENTITY = "iPhone Developer";
				COPY_PHASE_STRIP = NO;
				DEBUG_INFORMATION_FORMAT = "dwarf-with-dsym";
				ENABLE_NS_ASSERTIONS = NO;
				ENABLE_STRICT_OBJC_MSGSEND = YES;
				GCC_C_LANGUAGE_STANDARD = gnu11;
				GCC_NO_COMMON_BLOCKS = YES;
				GCC_WARN_64_TO_32_BIT_CONVERSION = YES;
				GCC_WARN_ABOUT_RETURN_TYPE = YES_ERROR;
				GCC_WARN_UNDECLARED_SELECTOR = YES;
				GCC_WARN_UNINITIALIZED_AUTOS = YES_AGGRESSIVE;
				GCC_WARN_UNUSED_FUNCTION = YES;
				GCC_WARN_UNUSED_VARIABLE = YES;
				IPHONEOS_DEPLOYMENT_TARGET = 11.4;
				MTL_ENABLE_DEBUG_INFO = NO;
				SDKROOT = iphoneos;
				SWIFT_COMPILATION_MODE = wholemodule;
				SWIFT_OPTIMIZATION_LEVEL = "-O";
				VALIDATE_PRODUCT = YES;
			};
			name = Release;
		};
		B1CEA29421829A7E00E7F8BB /* Debug */ = {
			isa = XCBuildConfiguration;
			buildSettings = {
				ASSETCATALOG_COMPILER_APPICON_NAME = AppIcon;
				CODE_SIGN_STYLE = Automatic;
				DEVELOPMENT_TEAM = 65MRUUSCHV;
				INFOPLIST_FILE = todoList2/Info.plist;
				LD_RUNPATH_SEARCH_PATHS = (
					"$(inherited)",
					"@executable_path/Frameworks",
				);
				PRODUCT_BUNDLE_IDENTIFIER = JLR.todoList2;
				PRODUCT_NAME = "$(TARGET_NAME)";
				SWIFT_VERSION = 4.0;
				TARGETED_DEVICE_FAMILY = "1,2";
			};
			name = Debug;
		};
		B1CEA29521829A7E00E7F8BB /* Release */ = {
			isa = XCBuildConfiguration;
			buildSettings = {
				ASSETCATALOG_COMPILER_APPICON_NAME = AppIcon;
				CODE_SIGN_STYLE = Automatic;
				DEVELOPMENT_TEAM = 65MRUUSCHV;
				INFOPLIST_FILE = todoList2/Info.plist;
				LD_RUNPATH_SEARCH_PATHS = (
					"$(inherited)",
					"@executable_path/Frameworks",
				);
				PRODUCT_BUNDLE_IDENTIFIER = JLR.todoList2;
				PRODUCT_NAME = "$(TARGET_NAME)";
				SWIFT_VERSION = 4.0;
				TARGETED_DEVICE_FAMILY = "1,2";
			};
			name = Release;
		};
		B1CEA29721829A7E00E7F8BB /* Debug */ = {
			isa = XCBuildConfiguration;
			buildSettings = {
				ALWAYS_EMBED_SWIFT_STANDARD_LIBRARIES = YES;
				BUNDLE_LOADER = "$(TEST_HOST)";
				CODE_SIGN_STYLE = Automatic;
				DEVELOPMENT_TEAM = 65MRUUSCHV;
				INFOPLIST_FILE = todoList2Tests/Info.plist;
				LD_RUNPATH_SEARCH_PATHS = (
					"$(inherited)",
					"@executable_path/Frameworks",
					"@loader_path/Frameworks",
				);
				PRODUCT_BUNDLE_IDENTIFIER = JLR.todoList2Tests;
				PRODUCT_NAME = "$(TARGET_NAME)";
				SWIFT_VERSION = 4.0;
				TARGETED_DEVICE_FAMILY = "1,2";
				TEST_HOST = "$(BUILT_PRODUCTS_DIR)/todoList2.app/todoList2";
			};
			name = Debug;
		};
		B1CEA29821829A7E00E7F8BB /* Release */ = {
			isa = XCBuildConfiguration;
			buildSettings = {
				ALWAYS_EMBED_SWIFT_STANDARD_LIBRARIES = YES;
				BUNDLE_LOADER = "$(TEST_HOST)";
				CODE_SIGN_STYLE = Automatic;
				DEVELOPMENT_TEAM = 65MRUUSCHV;
				INFOPLIST_FILE = todoList2Tests/Info.plist;
				LD_RUNPATH_SEARCH_PATHS = (
					"$(inherited)",
					"@executable_path/Frameworks",
					"@loader_path/Frameworks",
				);
				PRODUCT_BUNDLE_IDENTIFIER = JLR.todoList2Tests;
				PRODUCT_NAME = "$(TARGET_NAME)";
				SWIFT_VERSION = 4.0;
				TARGETED_DEVICE_FAMILY = "1,2";
				TEST_HOST = "$(BUILT_PRODUCTS_DIR)/todoList2.app/todoList2";
			};
			name = Release;
		};
		B1CEA29A21829A7E00E7F8BB /* Debug */ = {
			isa = XCBuildConfiguration;
			buildSettings = {
				ALWAYS_EMBED_SWIFT_STANDARD_LIBRARIES = YES;
				CODE_SIGN_STYLE = Automatic;
				DEVELOPMENT_TEAM = 65MRUUSCHV;
				INFOPLIST_FILE = todoList2UITests/Info.plist;
				LD_RUNPATH_SEARCH_PATHS = (
					"$(inherited)",
					"@executable_path/Frameworks",
					"@loader_path/Frameworks",
				);
				PRODUCT_BUNDLE_IDENTIFIER = JLR.todoList2UITests;
				PRODUCT_NAME = "$(TARGET_NAME)";
				SWIFT_VERSION = 4.0;
				TARGETED_DEVICE_FAMILY = "1,2";
				TEST_TARGET_NAME = todoList2;
			};
			name = Debug;
		};
		B1CEA29B21829A7E00E7F8BB /* Release */ = {
			isa = XCBuildConfiguration;
			buildSettings = {
				ALWAYS_EMBED_SWIFT_STANDARD_LIBRARIES = YES;
				CODE_SIGN_STYLE = Automatic;
				DEVELOPMENT_TEAM = 65MRUUSCHV;
				INFOPLIST_FILE = todoList2UITests/Info.plist;
				LD_RUNPATH_SEARCH_PATHS = (
					"$(inherited)",
					"@executable_path/Frameworks",
					"@loader_path/Frameworks",
				);
				PRODUCT_BUNDLE_IDENTIFIER = JLR.todoList2UITests;
				PRODUCT_NAME = "$(TARGET_NAME)";
				SWIFT_VERSION = 4.0;
				TARGETED_DEVICE_FAMILY = "1,2";
				TEST_TARGET_NAME = todoList2;
			};
			name = Release;
		};
/* End XCBuildConfiguration section */

/* Begin XCConfigurationList section */
		B1CEA26621829A7A00E7F8BB /* Build configuration list for PBXProject "todoList2" */ = {
			isa = XCConfigurationList;
			buildConfigurations = (
				B1CEA29121829A7E00E7F8BB /* Debug */,
				B1CEA29221829A7E00E7F8BB /* Release */,
			);
			defaultConfigurationIsVisible = 0;
			defaultConfigurationName = Release;
		};
		B1CEA29321829A7E00E7F8BB /* Build configuration list for PBXNativeTarget "todoList2" */ = {
			isa = XCConfigurationList;
			buildConfigurations = (
				B1CEA29421829A7E00E7F8BB /* Debug */,
				B1CEA29521829A7E00E7F8BB /* Release */,
			);
			defaultConfigurationIsVisible = 0;
			defaultConfigurationName = Release;
		};
		B1CEA29621829A7E00E7F8BB /* Build configuration list for PBXNativeTarget "todoList2Tests" */ = {
			isa = XCConfigurationList;
			buildConfigurations = (
				B1CEA29721829A7E00E7F8BB /* Debug */,
				B1CEA29821829A7E00E7F8BB /* Release */,
			);
			defaultConfigurationIsVisible = 0;
			defaultConfigurationName = Release;
		};
		B1CEA29921829A7E00E7F8BB /* Build configuration list for PBXNativeTarget "todoList2UITests" */ = {
			isa = XCConfigurationList;
			buildConfigurations = (
				B1CEA29A21829A7E00E7F8BB /* Debug */,
				B1CEA29B21829A7E00E7F8BB /* Release */,
			);
			defaultConfigurationIsVisible = 0;
			defaultConfigurationName = Release;
		};
/* End XCConfigurationList section */
	};
	rootObject = B1CEA26321829A7A00E7F8BB /* Project object */;
}
