// !$*UTF8*$!
{
	archiveVersion = 1;
	classes = {
	};
	objectVersion = 50;
	objects = {

/* Begin PBXBuildFile section */
		B1353E2F217BC9770079E25C /* AppDelegate.swift in Sources */ = {isa = PBXBuildFile; fileRef = B1353E2E217BC9770079E25C /* AppDelegate.swift */; };
		B1353E31217BC9770079E25C /* ViewController.swift in Sources */ = {isa = PBXBuildFile; fileRef = B1353E30217BC9770079E25C /* ViewController.swift */; };
		B1353E34217BC9770079E25C /* Main.storyboard in Resources */ = {isa = PBXBuildFile; fileRef = B1353E32217BC9770079E25C /* Main.storyboard */; };
		B1353E36217BC9790079E25C /* Assets.xcassets in Resources */ = {isa = PBXBuildFile; fileRef = B1353E35217BC9790079E25C /* Assets.xcassets */; };
		B1353E39217BC9790079E25C /* LaunchScreen.storyboard in Resources */ = {isa = PBXBuildFile; fileRef = B1353E37217BC9790079E25C /* LaunchScreen.storyboard */; };
		B1353E44217BC9790079E25C /* TodoListTests.swift in Sources */ = {isa = PBXBuildFile; fileRef = B1353E43217BC9790079E25C /* TodoListTests.swift */; };
		B1353E4F217BC9790079E25C /* TodoListUITests.swift in Sources */ = {isa = PBXBuildFile; fileRef = B1353E4E217BC9790079E25C /* TodoListUITests.swift */; };
		B1353E5D217BD62E0079E25C /* TodoTableViewController.swift in Sources */ = {isa = PBXBuildFile; fileRef = B1353E5C217BD62E0079E25C /* TodoTableViewController.swift */; };
		B16401BB218132750040B6E8 /* Item.swift in Sources */ = {isa = PBXBuildFile; fileRef = B16401BA218132750040B6E8 /* Item.swift */; };
/* End PBXBuildFile section */

/* Begin PBXContainerItemProxy section */
		B1353E40217BC9790079E25C /* PBXContainerItemProxy */ = {
			isa = PBXContainerItemProxy;
			containerPortal = B1353E23217BC9760079E25C /* Project object */;
			proxyType = 1;
			remoteGlobalIDString = B1353E2A217BC9760079E25C;
			remoteInfo = TodoList;
		};
		B1353E4B217BC9790079E25C /* PBXContainerItemProxy */ = {
			isa = PBXContainerItemProxy;
			containerPortal = B1353E23217BC9760079E25C /* Project object */;
			proxyType = 1;
			remoteGlobalIDString = B1353E2A217BC9760079E25C;
			remoteInfo = TodoList;
		};
/* End PBXContainerItemProxy section */

/* Begin PBXFileReference section */
		B1353E2B217BC9770079E25C /* TodoList.app */ = {isa = PBXFileReference; explicitFileType = wrapper.application; includeInIndex = 0; path = TodoList.app; sourceTree = BUILT_PRODUCTS_DIR; };
		B1353E2E217BC9770079E25C /* AppDelegate.swift */ = {isa = PBXFileReference; lastKnownFileType = sourcecode.swift; path = AppDelegate.swift; sourceTree = "<group>"; };
		B1353E30217BC9770079E25C /* ViewController.swift */ = {isa = PBXFileReference; lastKnownFileType = sourcecode.swift; path = ViewController.swift; sourceTree = "<group>"; };
		B1353E33217BC9770079E25C /* Base */ = {isa = PBXFileReference; lastKnownFileType = file.storyboard; name = Base; path = Base.lproj/Main.storyboard; sourceTree = "<group>"; };
		B1353E35217BC9790079E25C /* Assets.xcassets */ = {isa = PBXFileReference; lastKnownFileType = folder.assetcatalog; path = Assets.xcassets; sourceTree = "<group>"; };
		B1353E38217BC9790079E25C /* Base */ = {isa = PBXFileReference; lastKnownFileType = file.storyboard; name = Base; path = Base.lproj/LaunchScreen.storyboard; sourceTree = "<group>"; };
		B1353E3A217BC9790079E25C /* Info.plist */ = {isa = PBXFileReference; lastKnownFileType = text.plist.xml; path = Info.plist; sourceTree = "<group>"; };
		B1353E3F217BC9790079E25C /* TodoListTests.xctest */ = {isa = PBXFileReference; explicitFileType = wrapper.cfbundle; includeInIndex = 0; path = TodoListTests.xctest; sourceTree = BUILT_PRODUCTS_DIR; };
		B1353E43217BC9790079E25C /* TodoListTests.swift */ = {isa = PBXFileReference; lastKnownFileType = sourcecode.swift; path = TodoListTests.swift; sourceTree = "<group>"; };
		B1353E45217BC9790079E25C /* Info.plist */ = {isa = PBXFileReference; lastKnownFileType = text.plist.xml; path = Info.plist; sourceTree = "<group>"; };
		B1353E4A217BC9790079E25C /* TodoListUITests.xctest */ = {isa = PBXFileReference; explicitFileType = wrapper.cfbundle; includeInIndex = 0; path = TodoListUITests.xctest; sourceTree = BUILT_PRODUCTS_DIR; };
		B1353E4E217BC9790079E25C /* TodoListUITests.swift */ = {isa = PBXFileReference; lastKnownFileType = sourcecode.swift; path = TodoListUITests.swift; sourceTree = "<group>"; };
		B1353E50217BC9790079E25C /* Info.plist */ = {isa = PBXFileReference; lastKnownFileType = text.plist.xml; path = Info.plist; sourceTree = "<group>"; };
		B1353E5C217BD62E0079E25C /* TodoTableViewController.swift */ = {isa = PBXFileReference; lastKnownFileType = sourcecode.swift; path = TodoTableViewController.swift; sourceTree = "<group>"; };
		B16401BA218132750040B6E8 /* Item.swift */ = {isa = PBXFileReference; lastKnownFileType = sourcecode.swift; path = Item.swift; sourceTree = "<group>"; };
/* End PBXFileReference section */

/* Begin PBXFrameworksBuildPhase section */
		B1353E28217BC9760079E25C /* Frameworks */ = {
			isa = PBXFrameworksBuildPhase;
			buildActionMask = 2147483647;
			files = (
			);
			runOnlyForDeploymentPostprocessing = 0;
		};
		B1353E3C217BC9790079E25C /* Frameworks */ = {
			isa = PBXFrameworksBuildPhase;
			buildActionMask = 2147483647;
			files = (
			);
			runOnlyForDeploymentPostprocessing = 0;
		};
		B1353E47217BC9790079E25C /* Frameworks */ = {
			isa = PBXFrameworksBuildPhase;
			buildActionMask = 2147483647;
			files = (
			);
			runOnlyForDeploymentPostprocessing = 0;
		};
/* End PBXFrameworksBuildPhase section */

/* Begin PBXGroup section */
		B1353E22217BC9760079E25C = {
			isa = PBXGroup;
			children = (
				B1353E2D217BC9770079E25C /* TodoList */,
				B1353E42217BC9790079E25C /* TodoListTests */,
				B1353E4D217BC9790079E25C /* TodoListUITests */,
				B1353E2C217BC9770079E25C /* Products */,
			);
			sourceTree = "<group>";
		};
		B1353E2C217BC9770079E25C /* Products */ = {
			isa = PBXGroup;
			children = (
				B1353E2B217BC9770079E25C /* TodoList.app */,
				B1353E3F217BC9790079E25C /* TodoListTests.xctest */,
				B1353E4A217BC9790079E25C /* TodoListUITests.xctest */,
			);
			name = Products;
			sourceTree = "<group>";
		};
		B1353E2D217BC9770079E25C /* TodoList */ = {
			isa = PBXGroup;
			children = (
				B1353E2E217BC9770079E25C /* AppDelegate.swift */,
				B1353E5C217BD62E0079E25C /* TodoTableViewController.swift */,
				B1353E30217BC9770079E25C /* ViewController.swift */,
				B1353E32217BC9770079E25C /* Main.storyboard */,
				B1353E35217BC9790079E25C /* Assets.xcassets */,
				B1353E37217BC9790079E25C /* LaunchScreen.storyboard */,
				B1353E3A217BC9790079E25C /* Info.plist */,
				B16401BA218132750040B6E8 /* Item.swift */,
			);
			path = TodoList;
			sourceTree = "<group>";
		};
		B1353E42217BC9790079E25C /* TodoListTests */ = {
			isa = PBXGroup;
			children = (
				B1353E43217BC9790079E25C /* TodoListTests.swift */,
				B1353E45217BC9790079E25C /* Info.plist */,
			);
			path = TodoListTests;
			sourceTree = "<group>";
		};
		B1353E4D217BC9790079E25C /* TodoListUITests */ = {
			isa = PBXGroup;
			children = (
				B1353E4E217BC9790079E25C /* TodoListUITests.swift */,
				B1353E50217BC9790079E25C /* Info.plist */,
			);
			path = TodoListUITests;
			sourceTree = "<group>";
		};
/* End PBXGroup section */

/* Begin PBXNativeTarget section */
		B1353E2A217BC9760079E25C /* TodoList */ = {
			isa = PBXNativeTarget;
			buildConfigurationList = B1353E53217BC9790079E25C /* Build configuration list for PBXNativeTarget "TodoList" */;
			buildPhases = (
				B1353E27217BC9760079E25C /* Sources */,
				B1353E28217BC9760079E25C /* Frameworks */,
				B1353E29217BC9760079E25C /* Resources */,
			);
			buildRules = (
			);
			dependencies = (
			);
			name = TodoList;
			productName = TodoList;
			productReference = B1353E2B217BC9770079E25C /* TodoList.app */;
			productType = "com.apple.product-type.application";
		};
		B1353E3E217BC9790079E25C /* TodoListTests */ = {
			isa = PBXNativeTarget;
			buildConfigurationList = B1353E56217BC9790079E25C /* Build configuration list for PBXNativeTarget "TodoListTests" */;
			buildPhases = (
				B1353E3B217BC9790079E25C /* Sources */,
				B1353E3C217BC9790079E25C /* Frameworks */,
				B1353E3D217BC9790079E25C /* Resources */,
			);
			buildRules = (
			);
			dependencies = (
				B1353E41217BC9790079E25C /* PBXTargetDependency */,
			);
			name = TodoListTests;
			productName = TodoListTests;
			productReference = B1353E3F217BC9790079E25C /* TodoListTests.xctest */;
			productType = "com.apple.product-type.bundle.unit-test";
		};
		B1353E49217BC9790079E25C /* TodoListUITests */ = {
			isa = PBXNativeTarget;
			buildConfigurationList = B1353E59217BC9790079E25C /* Build configuration list for PBXNativeTarget "TodoListUITests" */;
			buildPhases = (
				B1353E46217BC9790079E25C /* Sources */,
				B1353E47217BC9790079E25C /* Frameworks */,
				B1353E48217BC9790079E25C /* Resources */,
			);
			buildRules = (
			);
			dependencies = (
				B1353E4C217BC9790079E25C /* PBXTargetDependency */,
			);
			name = TodoListUITests;
			productName = TodoListUITests;
			productReference = B1353E4A217BC9790079E25C /* TodoListUITests.xctest */;
			productType = "com.apple.product-type.bundle.ui-testing";
		};
/* End PBXNativeTarget section */

/* Begin PBXProject section */
		B1353E23217BC9760079E25C /* Project object */ = {
			isa = PBXProject;
			attributes = {
				LastSwiftUpdateCheck = 0940;
				LastUpgradeCheck = 0940;
				TargetAttributes = {
					B1353E2A217BC9760079E25C = {
						CreatedOnToolsVersion = 9.4.1;
					};
					B1353E3E217BC9790079E25C = {
						CreatedOnToolsVersion = 9.4.1;
						TestTargetID = B1353E2A217BC9760079E25C;
					};
					B1353E49217BC9790079E25C = {
						CreatedOnToolsVersion = 9.4.1;
						TestTargetID = B1353E2A217BC9760079E25C;
					};
				};
			};
			buildConfigurationList = B1353E26217BC9760079E25C /* Build configuration list for PBXProject "TodoList" */;
			compatibilityVersion = "Xcode 9.3";
			developmentRegion = en;
			hasScannedForEncodings = 0;
			knownRegions = (
				en,
				Base,
			);
			mainGroup = B1353E22217BC9760079E25C;
			productRefGroup = B1353E2C217BC9770079E25C /* Products */;
			projectDirPath = "";
			projectRoot = "";
			targets = (
				B1353E2A217BC9760079E25C /* TodoList */,
				B1353E3E217BC9790079E25C /* TodoListTests */,
				B1353E49217BC9790079E25C /* TodoListUITests */,
			);
		};
/* End PBXProject section */

/* Begin PBXResourcesBuildPhase section */
		B1353E29217BC9760079E25C /* Resources */ = {
			isa = PBXResourcesBuildPhase;
			buildActionMask = 2147483647;
			files = (
				B1353E39217BC9790079E25C /* LaunchScreen.storyboard in Resources */,
				B1353E36217BC9790079E25C /* Assets.xcassets in Resources */,
				B1353E34217BC9770079E25C /* Main.storyboard in Resources */,
			);
			runOnlyForDeploymentPostprocessing = 0;
		};
		B1353E3D217BC9790079E25C /* Resources */ = {
			isa = PBXResourcesBuildPhase;
			buildActionMask = 2147483647;
			files = (
			);
			runOnlyForDeploymentPostprocessing = 0;
		};
		B1353E48217BC9790079E25C /* Resources */ = {
			isa = PBXResourcesBuildPhase;
			buildActionMask = 2147483647;
			files = (
			);
			runOnlyForDeploymentPostprocessing = 0;
		};
/* End PBXResourcesBuildPhase section */

/* Begin PBXSourcesBuildPhase section */
		B1353E27217BC9760079E25C /* Sources */ = {
			isa = PBXSourcesBuildPhase;
			buildActionMask = 2147483647;
			files = (
				B16401BB218132750040B6E8 /* Item.swift in Sources */,
				B1353E31217BC9770079E25C /* ViewController.swift in Sources */,
				B1353E5D217BD62E0079E25C /* TodoTableViewController.swift in Sources */,
				B1353E2F217BC9770079E25C /* AppDelegate.swift in Sources */,
			);
			runOnlyForDeploymentPostprocessing = 0;
		};
		B1353E3B217BC9790079E25C /* Sources */ = {
			isa = PBXSourcesBuildPhase;
			buildActionMask = 2147483647;
			files = (
				B1353E44217BC9790079E25C /* TodoListTests.swift in Sources */,
			);
			runOnlyForDeploymentPostprocessing = 0;
		};
		B1353E46217BC9790079E25C /* Sources */ = {
			isa = PBXSourcesBuildPhase;
			buildActionMask = 2147483647;
			files = (
				B1353E4F217BC9790079E25C /* TodoListUITests.swift in Sources */,
			);
			runOnlyForDeploymentPostprocessing = 0;
		};
/* End PBXSourcesBuildPhase section */

/* Begin PBXTargetDependency section */
		B1353E41217BC9790079E25C /* PBXTargetDependency */ = {
			isa = PBXTargetDependency;
			target = B1353E2A217BC9760079E25C /* TodoList */;
			targetProxy = B1353E40217BC9790079E25C /* PBXContainerItemProxy */;
		};
		B1353E4C217BC9790079E25C /* PBXTargetDependency */ = {
			isa = PBXTargetDependency;
			target = B1353E2A217BC9760079E25C /* TodoList */;
			targetProxy = B1353E4B217BC9790079E25C /* PBXContainerItemProxy */;
		};
/* End PBXTargetDependency section */

/* Begin PBXVariantGroup section */
		B1353E32217BC9770079E25C /* Main.storyboard */ = {
			isa = PBXVariantGroup;
			children = (
				B1353E33217BC9770079E25C /* Base */,
			);
			name = Main.storyboard;
			sourceTree = "<group>";
		};
		B1353E37217BC9790079E25C /* LaunchScreen.storyboard */ = {
			isa = PBXVariantGroup;
			children = (
				B1353E38217BC9790079E25C /* Base */,
			);
			name = LaunchScreen.storyboard;
			sourceTree = "<group>";
		};
/* End PBXVariantGroup section */

/* Begin XCBuildConfiguration section */
		B1353E51217BC9790079E25C /* Debug */ = {
			isa = XCBuildConfiguration;
			buildSettings = {
				ALWAYS_SEARCH_USER_PATHS = NO;
				CLANG_ANALYZER_NONNULL = YES;
				CLANG_ANALYZER_NUMBER_OBJECT_CONVERSION = YES_AGGRESSIVE;
				CLANG_CXX_LANGUAGE_STANDARD = "gnu++14";
				CLANG_CXX_LIBRARY = "libc++";
				CLANG_ENABLE_MODULES = YES;
				CLANG_ENABLE_OBJC_ARC = YES;
				CLANG_ENABLE_OBJC_WEAK = YES;
				CLANG_WARN_BLOCK_CAPTURE_AUTORELEASING = YES;
				CLANG_WARN_BOOL_CONVERSION = YES;
				CLANG_WARN_COMMA = YES;
				CLANG_WARN_CONSTANT_CONVERSION = YES;
				CLANG_WARN_DEPRECATED_OBJC_IMPLEMENTATIONS = YES;
				CLANG_WARN_DIRECT_OBJC_ISA_USAGE = YES_ERROR;
				CLANG_WARN_DOCUMENTATION_COMMENTS = YES;
				CLANG_WARN_EMPTY_BODY = YES;
				CLANG_WARN_ENUM_CONVERSION = YES;
				CLANG_WARN_INFINITE_RECURSION = YES;
				CLANG_WARN_INT_CONVERSION = YES;
				CLANG_WARN_NON_LITERAL_NULL_CONVERSION = YES;
				CLANG_WARN_OBJC_IMPLICIT_RETAIN_SELF = YES;
				CLANG_WARN_OBJC_LITERAL_CONVERSION = YES;
				CLANG_WARN_OBJC_ROOT_CLASS = YES_ERROR;
				CLANG_WARN_RANGE_LOOP_ANALYSIS = YES;
				CLANG_WARN_STRICT_PROTOTYPES = YES;
				CLANG_WARN_SUSPICIOUS_MOVE = YES;
				CLANG_WARN_UNGUARDED_AVAILABILITY = YES_AGGRESSIVE;
				CLANG_WARN_UNREACHABLE_CODE = YES;
				CLANG_WARN__DUPLICATE_METHOD_MATCH = YES;
				CODE_SIGN_IDENTITY = "iPhone Developer";
				COPY_PHASE_STRIP = NO;
				DEBUG_INFORMATION_FORMAT = dwarf;
				ENABLE_STRICT_OBJC_MSGSEND = YES;
				ENABLE_TESTABILITY = YES;
				GCC_C_LANGUAGE_STANDARD = gnu11;
				GCC_DYNAMIC_NO_PIC = NO;
				GCC_NO_COMMON_BLOCKS = YES;
				GCC_OPTIMIZATION_LEVEL = 0;
				GCC_PREPROCESSOR_DEFINITIONS = (
					"DEBUG=1",
					"$(inherited)",
				);
				GCC_WARN_64_TO_32_BIT_CONVERSION = YES;
				GCC_WARN_ABOUT_RETURN_TYPE = YES_ERROR;
				GCC_WARN_UNDECLARED_SELECTOR = YES;
				GCC_WARN_UNINITIALIZED_AUTOS = YES_AGGRESSIVE;
				GCC_WARN_UNUSED_FUNCTION = YES;
				GCC_WARN_UNUSED_VARIABLE = YES;
				IPHONEOS_DEPLOYMENT_TARGET = 11.4;
				MTL_ENABLE_DEBUG_INFO = YES;
				ONLY_ACTIVE_ARCH = YES;
				SDKROOT = iphoneos;
				SWIFT_ACTIVE_COMPILATION_CONDITIONS = DEBUG;
				SWIFT_OPTIMIZATION_LEVEL = "-Onone";
			};
			name = Debug;
		};
		B1353E52217BC9790079E25C /* Release */ = {
			isa = XCBuildConfiguration;
			buildSettings = {
				ALWAYS_SEARCH_USER_PATHS = NO;
				CLANG_ANALYZER_NONNULL = YES;
				CLANG_ANALYZER_NUMBER_OBJECT_CONVERSION = YES_AGGRESSIVE;
				CLANG_CXX_LANGUAGE_STANDARD = "gnu++14";
				CLANG_CXX_LIBRARY = "libc++";
				CLANG_ENABLE_MODULES = YES;
				CLANG_ENABLE_OBJC_ARC = YES;
				CLANG_ENABLE_OBJC_WEAK = YES;
				CLANG_WARN_BLOCK_CAPTURE_AUTORELEASING = YES;
				CLANG_WARN_BOOL_CONVERSION = YES;
				CLANG_WARN_COMMA = YES;
				CLANG_WARN_CONSTANT_CONVERSION = YES;
				CLANG_WARN_DEPRECATED_OBJC_IMPLEMENTATIONS = YES;
				CLANG_WARN_DIRECT_OBJC_ISA_USAGE = YES_ERROR;
				CLANG_WARN_DOCUMENTATION_COMMENTS = YES;
				CLANG_WARN_EMPTY_BODY = YES;
				CLANG_WARN_ENUM_CONVERSION = YES;
				CLANG_WARN_INFINITE_RECURSION = YES;
				CLANG_WARN_INT_CONVERSION = YES;
				CLANG_WARN_NON_LITERAL_NULL_CONVERSION = YES;
				CLANG_WARN_OBJC_IMPLICIT_RETAIN_SELF = YES;
				CLANG_WARN_OBJC_LITERAL_CONVERSION = YES;
				CLANG_WARN_OBJC_ROOT_CLASS = YES_ERROR;
				CLANG_WARN_RANGE_LOOP_ANALYSIS = YES;
				CLANG_WARN_STRICT_PROTOTYPES = YES;
				CLANG_WARN_SUSPICIOUS_MOVE = YES;
				CLANG_WARN_UNGUARDED_AVAILABILITY = YES_AGGRESSIVE;
				CLANG_WARN_UNREACHABLE_CODE = YES;
				CLANG_WARN__DUPLICATE_METHOD_MATCH = YES;
				CODE_SIGN_IDENTITY = "iPhone Developer";
				COPY_PHASE_STRIP = NO;
				DEBUG_INFORMATION_FORMAT = "dwarf-with-dsym";
				ENABLE_NS_ASSERTIONS = NO;
				ENABLE_STRICT_OBJC_MSGSEND = YES;
				GCC_C_LANGUAGE_STANDARD = gnu11;
				GCC_NO_COMMON_BLOCKS = YES;
				GCC_WARN_64_TO_32_BIT_CONVERSION = YES;
				GCC_WARN_ABOUT_RETURN_TYPE = YES_ERROR;
				GCC_WARN_UNDECLARED_SELECTOR = YES;
				GCC_WARN_UNINITIALIZED_AUTOS = YES_AGGRESSIVE;
				GCC_WARN_UNUSED_FUNCTION = YES;
				GCC_WARN_UNUSED_VARIABLE = YES;
				IPHONEOS_DEPLOYMENT_TARGET = 11.4;
				MTL_ENABLE_DEBUG_INFO = NO;
				SDKROOT = iphoneos;
				SWIFT_COMPILATION_MODE = wholemodule;
				SWIFT_OPTIMIZATION_LEVEL = "-O";
				VALIDATE_PRODUCT = YES;
			};
			name = Release;
		};
		B1353E54217BC9790079E25C /* Debug */ = {
			isa = XCBuildConfiguration;
			buildSettings = {
				ASSETCATALOG_COMPILER_APPICON_NAME = AppIcon;
				CODE_SIGN_STYLE = Automatic;
				DEVELOPMENT_TEAM = 65MRUUSCHV;
				INFOPLIST_FILE = TodoList/Info.plist;
				LD_RUNPATH_SEARCH_PATHS = (
					"$(inherited)",
					"@executable_path/Frameworks",
				);
				PRODUCT_BUNDLE_IDENTIFIER = JLR.TodoList;
				PRODUCT_NAME = "$(TARGET_NAME)";
				SWIFT_VERSION = 4.0;
				TARGETED_DEVICE_FAMILY = "1,2";
			};
			name = Debug;
		};
		B1353E55217BC9790079E25C /* Release */ = {
			isa = XCBuildConfiguration;
			buildSettings = {
				ASSETCATALOG_COMPILER_APPICON_NAME = AppIcon;
				CODE_SIGN_STYLE = Automatic;
				DEVELOPMENT_TEAM = 65MRUUSCHV;
				INFOPLIST_FILE = TodoList/Info.plist;
				LD_RUNPATH_SEARCH_PATHS = (
					"$(inherited)",
					"@executable_path/Frameworks",
				);
				PRODUCT_BUNDLE_IDENTIFIER = JLR.TodoList;
				PRODUCT_NAME = "$(TARGET_NAME)";
				SWIFT_VERSION = 4.0;
				TARGETED_DEVICE_FAMILY = "1,2";
			};
			name = Release;
		};
		B1353E57217BC9790079E25C /* Debug */ = {
			isa = XCBuildConfiguration;
			buildSettings = {
				ALWAYS_EMBED_SWIFT_STANDARD_LIBRARIES = YES;
				BUNDLE_LOADER = "$(TEST_HOST)";
				CODE_SIGN_STYLE = Automatic;
				DEVELOPMENT_TEAM = 65MRUUSCHV;
				INFOPLIST_FILE = TodoListTests/Info.plist;
				LD_RUNPATH_SEARCH_PATHS = (
					"$(inherited)",
					"@executable_path/Frameworks",
					"@loader_path/Frameworks",
				);
				PRODUCT_BUNDLE_IDENTIFIER = JLR.TodoListTests;
				PRODUCT_NAME = "$(TARGET_NAME)";
				SWIFT_VERSION = 4.0;
				TARGETED_DEVICE_FAMILY = "1,2";
				TEST_HOST = "$(BUILT_PRODUCTS_DIR)/TodoList.app/TodoList";
			};
			name = Debug;
		};
		B1353E58217BC9790079E25C /* Release */ = {
			isa = XCBuildConfiguration;
			buildSettings = {
				ALWAYS_EMBED_SWIFT_STANDARD_LIBRARIES = YES;
				BUNDLE_LOADER = "$(TEST_HOST)";
				CODE_SIGN_STYLE = Automatic;
				DEVELOPMENT_TEAM = 65MRUUSCHV;
				INFOPLIST_FILE = TodoListTests/Info.plist;
				LD_RUNPATH_SEARCH_PATHS = (
					"$(inherited)",
					"@executable_path/Frameworks",
					"@loader_path/Frameworks",
				);
				PRODUCT_BUNDLE_IDENTIFIER = JLR.TodoListTests;
				PRODUCT_NAME = "$(TARGET_NAME)";
				SWIFT_VERSION = 4.0;
				TARGETED_DEVICE_FAMILY = "1,2";
				TEST_HOST = "$(BUILT_PRODUCTS_DIR)/TodoList.app/TodoList";
			};
			name = Release;
		};
		B1353E5A217BC9790079E25C /* Debug */ = {
			isa = XCBuildConfiguration;
			buildSettings = {
				ALWAYS_EMBED_SWIFT_STANDARD_LIBRARIES = YES;
				CODE_SIGN_STYLE = Automatic;
				DEVELOPMENT_TEAM = 65MRUUSCHV;
				INFOPLIST_FILE = TodoListUITests/Info.plist;
				LD_RUNPATH_SEARCH_PATHS = (
					"$(inherited)",
					"@executable_path/Frameworks",
					"@loader_path/Frameworks",
				);
				PRODUCT_BUNDLE_IDENTIFIER = JLR.TodoListUITests;
				PRODUCT_NAME = "$(TARGET_NAME)";
				SWIFT_VERSION = 4.0;
				TARGETED_DEVICE_FAMILY = "1,2";
				TEST_TARGET_NAME = TodoList;
			};
			name = Debug;
		};
		B1353E5B217BC9790079E25C /* Release */ = {
			isa = XCBuildConfiguration;
			buildSettings = {
				ALWAYS_EMBED_SWIFT_STANDARD_LIBRARIES = YES;
				CODE_SIGN_STYLE = Automatic;
				DEVELOPMENT_TEAM = 65MRUUSCHV;
				INFOPLIST_FILE = TodoListUITests/Info.plist;
				LD_RUNPATH_SEARCH_PATHS = (
					"$(inherited)",
					"@executable_path/Frameworks",
					"@loader_path/Frameworks",
				);
				PRODUCT_BUNDLE_IDENTIFIER = JLR.TodoListUITests;
				PRODUCT_NAME = "$(TARGET_NAME)";
				SWIFT_VERSION = 4.0;
				TARGETED_DEVICE_FAMILY = "1,2";
				TEST_TARGET_NAME = TodoList;
			};
			name = Release;
		};
/* End XCBuildConfiguration section */

/* Begin XCConfigurationList section */
		B1353E26217BC9760079E25C /* Build configuration list for PBXProject "TodoList" */ = {
			isa = XCConfigurationList;
			buildConfigurations = (
				B1353E51217BC9790079E25C /* Debug */,
				B1353E52217BC9790079E25C /* Release */,
			);
			defaultConfigurationIsVisible = 0;
			defaultConfigurationName = Release;
		};
		B1353E53217BC9790079E25C /* Build configuration list for PBXNativeTarget "TodoList" */ = {
			isa = XCConfigurationList;
			buildConfigurations = (
				B1353E54217BC9790079E25C /* Debug */,
				B1353E55217BC9790079E25C /* Release */,
			);
			defaultConfigurationIsVisible = 0;
			defaultConfigurationName = Release;
		};
		B1353E56217BC9790079E25C /* Build configuration list for PBXNativeTarget "TodoListTests" */ = {
			isa = XCConfigurationList;
			buildConfigurations = (
				B1353E57217BC9790079E25C /* Debug */,
				B1353E58217BC9790079E25C /* Release */,
			);
			defaultConfigurationIsVisible = 0;
			defaultConfigurationName = Release;
		};
		B1353E59217BC9790079E25C /* Build configuration list for PBXNativeTarget "TodoListUITests" */ = {
			isa = XCConfigurationList;
			buildConfigurations = (
				B1353E5A217BC9790079E25C /* Debug */,
				B1353E5B217BC9790079E25C /* Release */,
			);
			defaultConfigurationIsVisible = 0;
			defaultConfigurationName = Release;
		};
/* End XCConfigurationList section */
	};
	rootObject = B1353E23217BC9760079E25C /* Project object */;
}
